
Microsoft Visual Studio Solution File, Format Version 12.00
# Visual Studio Version 17
VisualStudioVersion = 17.11.35312.102
MinimumVisualStudioVersion = 10.0.40219.1
Project("{FAE04EC0-301F-11D3-BF4B-00C04F79EFBC}") = "Lab_7", "Lab_7.csproj", "{9EE8F6DC-6B23-4EBB-A505-B7826FA94AE0}"
EndProject
Global
	GlobalSection(SolutionConfigurationPlatforms) = preSolution
		Debug|Any CPU = Debug|Any CPU
		Release|Any CPU = Release|Any CPU
	EndGlobalSection
	GlobalSection(ProjectConfigurationPlatforms) = postSolution
		{9EE8F6DC-6B23-4EBB-A505-B7826FA94AE0}.Debug|Any CPU.ActiveCfg = Debug|Any CPU
		{9EE8F6DC-6B23-4EBB-A505-B7826FA94AE0}.Debug|Any CPU.Build.0 = Debug|Any CPU
		{9EE8F6DC-6B23-4EBB-A505-B7826FA94AE0}.Release|Any CPU.ActiveCfg = Release|Any CPU
		{9EE8F6DC-6B23-4EBB-A505-B7826FA94AE0}.Release|Any CPU.Build.0 = Release|Any CPU
	EndGlobalSection
	GlobalSection(SolutionProperties) = preSolution
		HideSolutionNode = FALSE
	EndGlobalSection
	GlobalSection(ExtensibilityGlobals) = postSolution
		SolutionGuid = {3D476A90-3190-4ABC-A1DE-1BF52CBEEEA9}
	EndGlobalSection
EndGlobal
